// !$*UTF8*$!
{
	archiveVersion = 1;
	classes = {
	};
	objectVersion = 55;
	objects = {

/* Begin PBXBuildFile section */
		8D10F24327BE879E00A29560 /* CardViewController.swift in Sources */ = {isa = PBXBuildFile; fileRef = 8D10F24127BE879E00A29560 /* CardViewController.swift */; };
		8D10F24427BE879E00A29560 /* CardViewController.xib in Resources */ = {isa = PBXBuildFile; fileRef = 8D10F24227BE879E00A29560 /* CardViewController.xib */; };
		8D10F24727BE87FC00A29560 /* CardCollectionViewCell.swift in Sources */ = {isa = PBXBuildFile; fileRef = 8D10F24527BE87FC00A29560 /* CardCollectionViewCell.swift */; };
		8D85CC6C27B25C3800E0C7EB /* AppDelegate.swift in Sources */ = {isa = PBXBuildFile; fileRef = 8D85CC6B27B25C3800E0C7EB /* AppDelegate.swift */; };
		8D85CC6E27B25C3800E0C7EB /* SceneDelegate.swift in Sources */ = {isa = PBXBuildFile; fileRef = 8D85CC6D27B25C3800E0C7EB /* SceneDelegate.swift */; };
		8D85CC7027B25C3800E0C7EB /* MainController.swift in Sources */ = {isa = PBXBuildFile; fileRef = 8D85CC6F27B25C3800E0C7EB /* MainController.swift */; };
		8D85CC7327B25C3800E0C7EB /* Main.storyboard in Resources */ = {isa = PBXBuildFile; fileRef = 8D85CC7127B25C3800E0C7EB /* Main.storyboard */; };
		8D85CC7527B25C3A00E0C7EB /* Assets.xcassets in Resources */ = {isa = PBXBuildFile; fileRef = 8D85CC7427B25C3A00E0C7EB /* Assets.xcassets */; };
		8D85CC7827B25C3A00E0C7EB /* LaunchScreen.storyboard in Resources */ = {isa = PBXBuildFile; fileRef = 8D85CC7627B25C3A00E0C7EB /* LaunchScreen.storyboard */; };
		8D85CC8527B25FD500E0C7EB /* let_logo_white.png in Resources */ = {isa = PBXBuildFile; fileRef = 8D85CC8427B25FD500E0C7EB /* let_logo_white.png */; };
		8D85CC8727B25FE600E0C7EB /* burger.png in Resources */ = {isa = PBXBuildFile; fileRef = 8D85CC8627B25FE600E0C7EB /* burger.png */; };
		8D85CC8927B2601000E0C7EB /* two_dots.png in Resources */ = {isa = PBXBuildFile; fileRef = 8D85CC8827B2601000E0C7EB /* two_dots.png */; };
		8D8AF26727BBB2AE0023DC3C /* DetailCollectionViewCell.swift in Sources */ = {isa = PBXBuildFile; fileRef = 8D8AF26527BBB2AE0023DC3C /* DetailCollectionViewCell.swift */; };
		8D8AF26827BBB2AE0023DC3C /* DetailCollectionViewCell.xib in Resources */ = {isa = PBXBuildFile; fileRef = 8D8AF26627BBB2AE0023DC3C /* DetailCollectionViewCell.xib */; };
		8DE9402427BBB02900A13D0B /* DetailViewController.swift in Sources */ = {isa = PBXBuildFile; fileRef = 8DE9402227BBB02900A13D0B /* DetailViewController.swift */; };
		8DE9402527BBB02900A13D0B /* DetailViewController.xib in Resources */ = {isa = PBXBuildFile; fileRef = 8DE9402327BBB02900A13D0B /* DetailViewController.xib */; };
/* End PBXBuildFile section */

/* Begin PBXFileReference section */
		8D10F24127BE879E00A29560 /* CardViewController.swift */ = {isa = PBXFileReference; lastKnownFileType = sourcecode.swift; path = CardViewController.swift; sourceTree = "<group>"; };
		8D10F24227BE879E00A29560 /* CardViewController.xib */ = {isa = PBXFileReference; lastKnownFileType = file.xib; path = CardViewController.xib; sourceTree = "<group>"; };
		8D10F24527BE87FC00A29560 /* CardCollectionViewCell.swift */ = {isa = PBXFileReference; lastKnownFileType = sourcecode.swift; path = CardCollectionViewCell.swift; sourceTree = "<group>"; };
		8D85CC6827B25C3800E0C7EB /* carousel.app */ = {isa = PBXFileReference; explicitFileType = wrapper.application; includeInIndex = 0; path = carousel.app; sourceTree = BUILT_PRODUCTS_DIR; };
		8D85CC6B27B25C3800E0C7EB /* AppDelegate.swift */ = {isa = PBXFileReference; lastKnownFileType = sourcecode.swift; path = AppDelegate.swift; sourceTree = "<group>"; };
		8D85CC6D27B25C3800E0C7EB /* SceneDelegate.swift */ = {isa = PBXFileReference; lastKnownFileType = sourcecode.swift; path = SceneDelegate.swift; sourceTree = "<group>"; };
		8D85CC6F27B25C3800E0C7EB /* MainController.swift */ = {isa = PBXFileReference; lastKnownFileType = sourcecode.swift; path = MainController.swift; sourceTree = "<group>"; };
		8D85CC7227B25C3800E0C7EB /* Base */ = {isa = PBXFileReference; lastKnownFileType = file.storyboard; name = Base; path = Base.lproj/Main.storyboard; sourceTree = "<group>"; };
		8D85CC7427B25C3A00E0C7EB /* Assets.xcassets */ = {isa = PBXFileReference; lastKnownFileType = folder.assetcatalog; path = Assets.xcassets; sourceTree = "<group>"; };
		8D85CC7727B25C3A00E0C7EB /* Base */ = {isa = PBXFileReference; lastKnownFileType = file.storyboard; name = Base; path = Base.lproj/LaunchScreen.storyboard; sourceTree = "<group>"; };
		8D85CC7927B25C3A00E0C7EB /* Info.plist */ = {isa = PBXFileReference; lastKnownFileType = text.plist.xml; path = Info.plist; sourceTree = "<group>"; };
		8D85CC8427B25FD500E0C7EB /* let_logo_white.png */ = {isa = PBXFileReference; lastKnownFileType = image.png; name = let_logo_white.png; path = ../../../../../../../../Downloads/let_logo_white.png; sourceTree = "<group>"; };
		8D85CC8627B25FE600E0C7EB /* burger.png */ = {isa = PBXFileReference; lastKnownFileType = image.png; name = burger.png; path = ../../../../../../../../Downloads/List/undefined/burger.png; sourceTree = "<group>"; };
		8D85CC8827B2601000E0C7EB /* two_dots.png */ = {isa = PBXFileReference; lastKnownFileType = image.png; name = two_dots.png; path = ../../../../../../../../Downloads/two_dots.png; sourceTree = "<group>"; };
		8D8AF26527BBB2AE0023DC3C /* DetailCollectionViewCell.swift */ = {isa = PBXFileReference; lastKnownFileType = sourcecode.swift; path = DetailCollectionViewCell.swift; sourceTree = "<group>"; };
		8D8AF26627BBB2AE0023DC3C /* DetailCollectionViewCell.xib */ = {isa = PBXFileReference; lastKnownFileType = file.xib; path = DetailCollectionViewCell.xib; sourceTree = "<group>"; };
		8DE9402227BBB02900A13D0B /* DetailViewController.swift */ = {isa = PBXFileReference; lastKnownFileType = sourcecode.swift; path = DetailViewController.swift; sourceTree = "<group>"; };
		8DE9402327BBB02900A13D0B /* DetailViewController.xib */ = {isa = PBXFileReference; lastKnownFileType = file.xib; path = DetailViewController.xib; sourceTree = "<group>"; };
/* End PBXFileReference section */

/* Begin PBXFrameworksBuildPhase section */
		8D85CC6527B25C3800E0C7EB /* Frameworks */ = {
			isa = PBXFrameworksBuildPhase;
			buildActionMask = 2147483647;
			files = (
			);
			runOnlyForDeploymentPostprocessing = 0;
		};
/* End PBXFrameworksBuildPhase section */

/* Begin PBXGroup section */
		8D85CC5F27B25C3800E0C7EB = {
			isa = PBXGroup;
			children = (
				8D85CC6A27B25C3800E0C7EB /* carousel */,
				8D85CC6927B25C3800E0C7EB /* Products */,
			);
			sourceTree = "<group>";
		};
		8D85CC6927B25C3800E0C7EB /* Products */ = {
			isa = PBXGroup;
			children = (
				8D85CC6827B25C3800E0C7EB /* carousel.app */,
			);
			name = Products;
			sourceTree = "<group>";
		};
		8D85CC6A27B25C3800E0C7EB /* carousel */ = {
			isa = PBXGroup;
			children = (
				8D85CC8327B25C7F00E0C7EB /* Storyboard */,
				8D85CC8227B25C6600E0C7EB /* Resource */,
				8D85CC8127B25C5C00E0C7EB /* Controller */,
				8D85CC8027B25C5500E0C7EB /* Model */,
				8D85CC7F27B25C4F00E0C7EB /* View */,
				8D85CC6B27B25C3800E0C7EB /* AppDelegate.swift */,
				8D85CC6D27B25C3800E0C7EB /* SceneDelegate.swift */,
			);
			path = carousel;
			sourceTree = "<group>";
		};
		8D85CC7F27B25C4F00E0C7EB /* View */ = {
			isa = PBXGroup;
			children = (
				8D8AF26527BBB2AE0023DC3C /* DetailCollectionViewCell.swift */,
				8D10F24527BE87FC00A29560 /* CardCollectionViewCell.swift */,
			);
			path = View;
			sourceTree = "<group>";
		};
		8D85CC8027B25C5500E0C7EB /* Model */ = {
			isa = PBXGroup;
			children = (
			);
			path = Model;
			sourceTree = "<group>";
		};
		8D85CC8127B25C5C00E0C7EB /* Controller */ = {
			isa = PBXGroup;
			children = (
				8DE9402227BBB02900A13D0B /* DetailViewController.swift */,
				8D85CC6F27B25C3800E0C7EB /* MainController.swift */,
				8D10F24127BE879E00A29560 /* CardViewController.swift */,
			);
			path = Controller;
			sourceTree = "<group>";
		};
		8D85CC8227B25C6600E0C7EB /* Resource */ = {
			isa = PBXGroup;
			children = (
				8D85CC8827B2601000E0C7EB /* two_dots.png */,
				8D85CC8627B25FE600E0C7EB /* burger.png */,
				8D85CC8427B25FD500E0C7EB /* let_logo_white.png */,
				8D85CC7427B25C3A00E0C7EB /* Assets.xcassets */,
				8D85CC7927B25C3A00E0C7EB /* Info.plist */,
			);
			path = Resource;
			sourceTree = "<group>";
		};
		8D85CC8327B25C7F00E0C7EB /* Storyboard */ = {
			isa = PBXGroup;
			children = (
				8D85CC7127B25C3800E0C7EB /* Main.storyboard */,
				8D85CC7627B25C3A00E0C7EB /* LaunchScreen.storyboard */,
				8DE9402327BBB02900A13D0B /* DetailViewController.xib */,
				8D8AF26627BBB2AE0023DC3C /* DetailCollectionViewCell.xib */,
				8D10F24227BE879E00A29560 /* CardViewController.xib */,
			);
			path = Storyboard;
			sourceTree = "<group>";
		};
/* End PBXGroup section */

/* Begin PBXNativeTarget section */
		8D85CC6727B25C3800E0C7EB /* carousel */ = {
			isa = PBXNativeTarget;
			buildConfigurationList = 8D85CC7C27B25C3A00E0C7EB /* Build configuration list for PBXNativeTarget "carousel" */;
			buildPhases = (
				8D85CC6427B25C3800E0C7EB /* Sources */,
				8D85CC6527B25C3800E0C7EB /* Frameworks */,
				8D85CC6627B25C3800E0C7EB /* Resources */,
			);
			buildRules = (
			);
			dependencies = (
			);
			name = carousel;
			productName = carousel;
			productReference = 8D85CC6827B25C3800E0C7EB /* carousel.app */;
			productType = "com.apple.product-type.application";
		};
/* End PBXNativeTarget section */

/* Begin PBXProject section */
		8D85CC6027B25C3800E0C7EB /* Project object */ = {
			isa = PBXProject;
			attributes = {
				BuildIndependentTargetsInParallel = 1;
				LastSwiftUpdateCheck = 1320;
				LastUpgradeCheck = 1320;
				TargetAttributes = {
					8D85CC6727B25C3800E0C7EB = {
						CreatedOnToolsVersion = 13.2.1;
					};
				};
			};
			buildConfigurationList = 8D85CC6327B25C3800E0C7EB /* Build configuration list for PBXProject "carousel" */;
			compatibilityVersion = "Xcode 13.0";
			developmentRegion = en;
			hasScannedForEncodings = 0;
			knownRegions = (
				en,
				Base,
			);
			mainGroup = 8D85CC5F27B25C3800E0C7EB;
			productRefGroup = 8D85CC6927B25C3800E0C7EB /* Products */;
			projectDirPath = "";
			projectRoot = "";
			targets = (
				8D85CC6727B25C3800E0C7EB /* carousel */,
			);
		};
/* End PBXProject section */

/* Begin PBXResourcesBuildPhase section */
		8D85CC6627B25C3800E0C7EB /* Resources */ = {
			isa = PBXResourcesBuildPhase;
			buildActionMask = 2147483647;
			files = (
				8D85CC7827B25C3A00E0C7EB /* LaunchScreen.storyboard in Resources */,
				8D85CC8727B25FE600E0C7EB /* burger.png in Resources */,
				8DE9402527BBB02900A13D0B /* DetailViewController.xib in Resources */,
				8D85CC8927B2601000E0C7EB /* two_dots.png in Resources */,
				8D85CC7527B25C3A00E0C7EB /* Assets.xcassets in Resources */,
				8D85CC8527B25FD500E0C7EB /* let_logo_white.png in Resources */,
				8D85CC7327B25C3800E0C7EB /* Main.storyboard in Resources */,
				8D8AF26827BBB2AE0023DC3C /* DetailCollectionViewCell.xib in Resources */,
				8D10F24427BE879E00A29560 /* CardViewController.xib in Resources */,
			);
			runOnlyForDeploymentPostprocessing = 0;
		};
/* End PBXResourcesBuildPhase section */

/* Begin PBXSourcesBuildPhase section */
		8D85CC6427B25C3800E0C7EB /* Sources */ = {
			isa = PBXSourcesBuildPhase;
			buildActionMask = 2147483647;
			files = (
				8D85CC7027B25C3800E0C7EB /* MainController.swift in Sources */,
				8D85CC6C27B25C3800E0C7EB /* AppDelegate.swift in Sources */,
				8D10F24327BE879E00A29560 /* CardViewController.swift in Sources */,
				8D85CC6E27B25C3800E0C7EB /* SceneDelegate.swift in Sources */,
				8D10F24727BE87FC00A29560 /* CardCollectionViewCell.swift in Sources */,
				8D8AF26727BBB2AE0023DC3C /* DetailCollectionViewCell.swift in Sources */,
				8DE9402427BBB02900A13D0B /* DetailViewController.swift in Sources */,
			);
			runOnlyForDeploymentPostprocessing = 0;
		};
/* End PBXSourcesBuildPhase section */

/* Begin PBXVariantGroup section */
		8D85CC7127B25C3800E0C7EB /* Main.storyboard */ = {
			isa = PBXVariantGroup;
			children = (
				8D85CC7227B25C3800E0C7EB /* Base */,
			);
			name = Main.storyboard;
			sourceTree = "<group>";
		};
		8D85CC7627B25C3A00E0C7EB /* LaunchScreen.storyboard */ = {
			isa = PBXVariantGroup;
			children = (
				8D85CC7727B25C3A00E0C7EB /* Base */,
			);
			name = LaunchScreen.storyboard;
			sourceTree = "<group>";
		};
/* End PBXVariantGroup section */

/* Begin XCBuildConfiguration section */
		8D85CC7A27B25C3A00E0C7EB /* Debug */ = {
			isa = XCBuildConfiguration;
			buildSettings = {
				ALWAYS_SEARCH_USER_PATHS = NO;
				CLANG_ANALYZER_NONNULL = YES;
				CLANG_ANALYZER_NUMBER_OBJECT_CONVERSION = YES_AGGRESSIVE;
				CLANG_CXX_LANGUAGE_STANDARD = "gnu++17";
				CLANG_CXX_LIBRARY = "libc++";
				CLANG_ENABLE_MODULES = YES;
				CLANG_ENABLE_OBJC_ARC = YES;
				CLANG_ENABLE_OBJC_WEAK = YES;
				CLANG_WARN_BLOCK_CAPTURE_AUTORELEASING = YES;
				CLANG_WARN_BOOL_CONVERSION = YES;
				CLANG_WARN_COMMA = YES;
				CLANG_WARN_CONSTANT_CONVERSION = YES;
				CLANG_WARN_DEPRECATED_OBJC_IMPLEMENTATIONS = YES;
				CLANG_WARN_DIRECT_OBJC_ISA_USAGE = YES_ERROR;
				CLANG_WARN_DOCUMENTATION_COMMENTS = YES;
				CLANG_WARN_EMPTY_BODY = YES;
				CLANG_WARN_ENUM_CONVERSION = YES;
				CLANG_WARN_INFINITE_RECURSION = YES;
				CLANG_WARN_INT_CONVERSION = YES;
				CLANG_WARN_NON_LITERAL_NULL_CONVERSION = YES;
				CLANG_WARN_OBJC_IMPLICIT_RETAIN_SELF = YES;
				CLANG_WARN_OBJC_LITERAL_CONVERSION = YES;
				CLANG_WARN_OBJC_ROOT_CLASS = YES_ERROR;
				CLANG_WARN_QUOTED_INCLUDE_IN_FRAMEWORK_HEADER = YES;
				CLANG_WARN_RANGE_LOOP_ANALYSIS = YES;
				CLANG_WARN_STRICT_PROTOTYPES = YES;
				CLANG_WARN_SUSPICIOUS_MOVE = YES;
				CLANG_WARN_UNGUARDED_AVAILABILITY = YES_AGGRESSIVE;
				CLANG_WARN_UNREACHABLE_CODE = YES;
				CLANG_WARN__DUPLICATE_METHOD_MATCH = YES;
				COPY_PHASE_STRIP = NO;
				DEBUG_INFORMATION_FORMAT = dwarf;
				ENABLE_STRICT_OBJC_MSGSEND = YES;
				ENABLE_TESTABILITY = YES;
				GCC_C_LANGUAGE_STANDARD = gnu11;
				GCC_DYNAMIC_NO_PIC = NO;
				GCC_NO_COMMON_BLOCKS = YES;
				GCC_OPTIMIZATION_LEVEL = 0;
				GCC_PREPROCESSOR_DEFINITIONS = (
					"DEBUG=1",
					"$(inherited)",
				);
				GCC_WARN_64_TO_32_BIT_CONVERSION = YES;
				GCC_WARN_ABOUT_RETURN_TYPE = YES_ERROR;
				GCC_WARN_UNDECLARED_SELECTOR = YES;
				GCC_WARN_UNINITIALIZED_AUTOS = YES_AGGRESSIVE;
				GCC_WARN_UNUSED_FUNCTION = YES;
				GCC_WARN_UNUSED_VARIABLE = YES;
				IPHONEOS_DEPLOYMENT_TARGET = 15.2;
				MTL_ENABLE_DEBUG_INFO = INCLUDE_SOURCE;
				MTL_FAST_MATH = YES;
				ONLY_ACTIVE_ARCH = YES;
				SDKROOT = iphoneos;
				SWIFT_ACTIVE_COMPILATION_CONDITIONS = DEBUG;
				SWIFT_OPTIMIZATION_LEVEL = "-Onone";
			};
			name = Debug;
		};
		8D85CC7B27B25C3A00E0C7EB /* Release */ = {
			isa = XCBuildConfiguration;
			buildSettings = {
				ALWAYS_SEARCH_USER_PATHS = NO;
				CLANG_ANALYZER_NONNULL = YES;
				CLANG_ANALYZER_NUMBER_OBJECT_CONVERSION = YES_AGGRESSIVE;
				CLANG_CXX_LANGUAGE_STANDARD = "gnu++17";
				CLANG_CXX_LIBRARY = "libc++";
				CLANG_ENABLE_MODULES = YES;
				CLANG_ENABLE_OBJC_ARC = YES;
				CLANG_ENABLE_OBJC_WEAK = YES;
				CLANG_WARN_BLOCK_CAPTURE_AUTORELEASING = YES;
				CLANG_WARN_BOOL_CONVERSION = YES;
				CLANG_WARN_COMMA = YES;
				CLANG_WARN_CONSTANT_CONVERSION = YES;
				CLANG_WARN_DEPRECATED_OBJC_IMPLEMENTATIONS = YES;
				CLANG_WARN_DIRECT_OBJC_ISA_USAGE = YES_ERROR;
				CLANG_WARN_DOCUMENTATION_COMMENTS = YES;
				CLANG_WARN_EMPTY_BODY = YES;
				CLANG_WARN_ENUM_CONVERSION = YES;
				CLANG_WARN_INFINITE_RECURSION = YES;
				CLANG_WARN_INT_CONVERSION = YES;
				CLANG_WARN_NON_LITERAL_NULL_CONVERSION = YES;
				CLANG_WARN_OBJC_IMPLICIT_RETAIN_SELF = YES;
				CLANG_WARN_OBJC_LITERAL_CONVERSION = YES;
				CLANG_WARN_OBJC_ROOT_CLASS = YES_ERROR;
				CLANG_WARN_QUOTED_INCLUDE_IN_FRAMEWORK_HEADER = YES;
				CLANG_WARN_RANGE_LOOP_ANALYSIS = YES;
				CLANG_WARN_STRICT_PROTOTYPES = YES;
				CLANG_WARN_SUSPICIOUS_MOVE = YES;
				CLANG_WARN_UNGUARDED_AVAILABILITY = YES_AGGRESSIVE;
				CLANG_WARN_UNREACHABLE_CODE = YES;
				CLANG_WARN__DUPLICATE_METHOD_MATCH = YES;
				COPY_PHASE_STRIP = NO;
				DEBUG_INFORMATION_FORMAT = "dwarf-with-dsym";
				ENABLE_NS_ASSERTIONS = NO;
				ENABLE_STRICT_OBJC_MSGSEND = YES;
				GCC_C_LANGUAGE_STANDARD = gnu11;
				GCC_NO_COMMON_BLOCKS = YES;
				GCC_WARN_64_TO_32_BIT_CONVERSION = YES;
				GCC_WARN_ABOUT_RETURN_TYPE = YES_ERROR;
				GCC_WARN_UNDECLARED_SELECTOR = YES;
				GCC_WARN_UNINITIALIZED_AUTOS = YES_AGGRESSIVE;
				GCC_WARN_UNUSED_FUNCTION = YES;
				GCC_WARN_UNUSED_VARIABLE = YES;
				IPHONEOS_DEPLOYMENT_TARGET = 15.2;
				MTL_ENABLE_DEBUG_INFO = NO;
				MTL_FAST_MATH = YES;
				SDKROOT = iphoneos;
				SWIFT_COMPILATION_MODE = wholemodule;
				SWIFT_OPTIMIZATION_LEVEL = "-O";
				VALIDATE_PRODUCT = YES;
			};
			name = Release;
		};
		8D85CC7D27B25C3A00E0C7EB /* Debug */ = {
			isa = XCBuildConfiguration;
			buildSettings = {
				ASSETCATALOG_COMPILER_APPICON_NAME = AppIcon;
				ASSETCATALOG_COMPILER_GLOBAL_ACCENT_COLOR_NAME = AccentColor;
				CODE_SIGN_STYLE = Automatic;
				CURRENT_PROJECT_VERSION = 1;
				DEVELOPMENT_TEAM = 4286XVJM9W;
				GENERATE_INFOPLIST_FILE = YES;
				INFOPLIST_FILE = carousel/Resource/Info.plist;
				INFOPLIST_KEY_UIApplicationSupportsIndirectInputEvents = YES;
				INFOPLIST_KEY_UILaunchStoryboardName = LaunchScreen;
				INFOPLIST_KEY_UIMainStoryboardFile = Main;
				INFOPLIST_KEY_UISupportedInterfaceOrientations_iPad = "UIInterfaceOrientationPortrait UIInterfaceOrientationPortraitUpsideDown UIInterfaceOrientationLandscapeLeft UIInterfaceOrientationLandscapeRight";
				INFOPLIST_KEY_UISupportedInterfaceOrientations_iPhone = "UIInterfaceOrientationPortrait UIInterfaceOrientationLandscapeLeft UIInterfaceOrientationLandscapeRight";
				LD_RUNPATH_SEARCH_PATHS = (
					"$(inherited)",
					"@executable_path/Frameworks",
				);
				MARKETING_VERSION = 1.0;
				PRODUCT_BUNDLE_IDENTIFIER = com.formegusto.carousel;
				PRODUCT_NAME = "$(TARGET_NAME)";
				SWIFT_EMIT_LOC_STRINGS = YES;
				SWIFT_VERSION = 5.0;
				TARGETED_DEVICE_FAMILY = "1,2";
			};
			name = Debug;
		};
		8D85CC7E27B25C3A00E0C7EB /* Release */ = {
			isa = XCBuildConfiguration;
			buildSettings = {
				ASSETCATALOG_COMPILER_APPICON_NAME = AppIcon;
				ASSETCATALOG_COMPILER_GLOBAL_ACCENT_COLOR_NAME = AccentColor;
				CODE_SIGN_STYLE = Automatic;
				CURRENT_PROJECT_VERSION = 1;
				DEVELOPMENT_TEAM = 4286XVJM9W;
				GENERATE_INFOPLIST_FILE = YES;
				INFOPLIST_FILE = carousel/Resource/Info.plist;
				INFOPLIST_KEY_UIApplicationSupportsIndirectInputEvents = YES;
				INFOPLIST_KEY_UILaunchStoryboardName = LaunchScreen;
				INFOPLIST_KEY_UIMainStoryboardFile = Main;
				INFOPLIST_KEY_UISupportedInterfaceOrientations_iPad = "UIInterfaceOrientationPortrait UIInterfaceOrientationPortraitUpsideDown UIInterfaceOrientationLandscapeLeft UIInterfaceOrientationLandscapeRight";
				INFOPLIST_KEY_UISupportedInterfaceOrientations_iPhone = "UIInterfaceOrientationPortrait UIInterfaceOrientationLandscapeLeft UIInterfaceOrientationLandscapeRight";
				LD_RUNPATH_SEARCH_PATHS = (
					"$(inherited)",
					"@executable_path/Frameworks",
				);
				MARKETING_VERSION = 1.0;
				PRODUCT_BUNDLE_IDENTIFIER = com.formegusto.carousel;
				PRODUCT_NAME = "$(TARGET_NAME)";
				SWIFT_EMIT_LOC_STRINGS = YES;
				SWIFT_VERSION = 5.0;
				TARGETED_DEVICE_FAMILY = "1,2";
			};
			name = Release;
		};
/* End XCBuildConfiguration section */

/* Begin XCConfigurationList section */
		8D85CC6327B25C3800E0C7EB /* Build configuration list for PBXProject "carousel" */ = {
			isa = XCConfigurationList;
			buildConfigurations = (
				8D85CC7A27B25C3A00E0C7EB /* Debug */,
				8D85CC7B27B25C3A00E0C7EB /* Release */,
			);
			defaultConfigurationIsVisible = 0;
			defaultConfigurationName = Release;
		};
		8D85CC7C27B25C3A00E0C7EB /* Build configuration list for PBXNativeTarget "carousel" */ = {
			isa = XCConfigurationList;
			buildConfigurations = (
				8D85CC7D27B25C3A00E0C7EB /* Debug */,
				8D85CC7E27B25C3A00E0C7EB /* Release */,
			);
			defaultConfigurationIsVisible = 0;
			defaultConfigurationName = Release;
		};
/* End XCConfigurationList section */
	};
	rootObject = 8D85CC6027B25C3800E0C7EB /* Project object */;
}
