// !$*UTF8*$!
{
	archiveVersion = 1;
	classes = {
	};
	objectVersion = 55;
	objects = {

/* Begin PBXBuildFile section */
		8D15E23227A2EB8C00D70EED /* AppDelegate.swift in Sources */ = {isa = PBXBuildFile; fileRef = 8D15E23127A2EB8C00D70EED /* AppDelegate.swift */; };
		8D15E23427A2EB8C00D70EED /* SceneDelegate.swift in Sources */ = {isa = PBXBuildFile; fileRef = 8D15E23327A2EB8C00D70EED /* SceneDelegate.swift */; };
		8D15E23627A2EB8C00D70EED /* MainController.swift in Sources */ = {isa = PBXBuildFile; fileRef = 8D15E23527A2EB8C00D70EED /* MainController.swift */; };
		8D15E23927A2EB8C00D70EED /* Main.storyboard in Resources */ = {isa = PBXBuildFile; fileRef = 8D15E23727A2EB8C00D70EED /* Main.storyboard */; };
		8D15E23B27A2EB8D00D70EED /* Assets.xcassets in Resources */ = {isa = PBXBuildFile; fileRef = 8D15E23A27A2EB8D00D70EED /* Assets.xcassets */; };
		8D15E23E27A2EB8D00D70EED /* LaunchScreen.storyboard in Resources */ = {isa = PBXBuildFile; fileRef = 8D15E23C27A2EB8D00D70EED /* LaunchScreen.storyboard */; };
/* End PBXBuildFile section */

/* Begin PBXFileReference section */
		8D15E22E27A2EB8C00D70EED /* carousel.app */ = {isa = PBXFileReference; explicitFileType = wrapper.application; includeInIndex = 0; path = carousel.app; sourceTree = BUILT_PRODUCTS_DIR; };
		8D15E23127A2EB8C00D70EED /* AppDelegate.swift */ = {isa = PBXFileReference; lastKnownFileType = sourcecode.swift; path = AppDelegate.swift; sourceTree = "<group>"; };
		8D15E23327A2EB8C00D70EED /* SceneDelegate.swift */ = {isa = PBXFileReference; lastKnownFileType = sourcecode.swift; path = SceneDelegate.swift; sourceTree = "<group>"; };
		8D15E23527A2EB8C00D70EED /* MainController.swift */ = {isa = PBXFileReference; lastKnownFileType = sourcecode.swift; path = MainController.swift; sourceTree = "<group>"; };
		8D15E23827A2EB8C00D70EED /* Base */ = {isa = PBXFileReference; lastKnownFileType = file.storyboard; name = Base; path = Base.lproj/Main.storyboard; sourceTree = "<group>"; };
		8D15E23A27A2EB8D00D70EED /* Assets.xcassets */ = {isa = PBXFileReference; lastKnownFileType = folder.assetcatalog; path = Assets.xcassets; sourceTree = "<group>"; };
		8D15E23D27A2EB8D00D70EED /* Base */ = {isa = PBXFileReference; lastKnownFileType = file.storyboard; name = Base; path = Base.lproj/LaunchScreen.storyboard; sourceTree = "<group>"; };
		8D15E23F27A2EB8D00D70EED /* Info.plist */ = {isa = PBXFileReference; lastKnownFileType = text.plist.xml; path = Info.plist; sourceTree = "<group>"; };
/* End PBXFileReference section */

/* Begin PBXFrameworksBuildPhase section */
		8D15E22B27A2EB8C00D70EED /* Frameworks */ = {
			isa = PBXFrameworksBuildPhase;
			buildActionMask = 2147483647;
			files = (
			);
			runOnlyForDeploymentPostprocessing = 0;
		};
/* End PBXFrameworksBuildPhase section */

/* Begin PBXGroup section */
		8D15E22527A2EB8C00D70EED = {
			isa = PBXGroup;
			children = (
				8D15E23027A2EB8C00D70EED /* carousel */,
				8D15E23127A2EB8C00D70EED /* AppDelegate.swift */,
				8D15E23327A2EB8C00D70EED /* SceneDelegate.swift */,
				8D15E22F27A2EB8C00D70EED /* Products */,
			);
			sourceTree = "<group>";
		};
		8D15E22F27A2EB8C00D70EED /* Products */ = {
			isa = PBXGroup;
			children = (
				8D15E22E27A2EB8C00D70EED /* carousel.app */,
			);
			name = Products;
			sourceTree = "<group>";
		};
		8D15E23027A2EB8C00D70EED /* carousel */ = {
			isa = PBXGroup;
			children = (
				8D15E24B27A2EC4100D70EED /* Models */,
				8D15E24A27A2EC3A00D70EED /* Tools */,
				8D15E24927A2EC2900D70EED /* Resources */,
				8D15E24627A2EBA700D70EED /* Views */,
				8D15E24527A2EB9800D70EED /* Controllers */,
				8D15E24827A2EC0E00D70EED /* Storyboard */,
			);
			path = carousel;
			sourceTree = "<group>";
		};
		8D15E24527A2EB9800D70EED /* Controllers */ = {
			isa = PBXGroup;
			children = (
				8D15E23527A2EB8C00D70EED /* MainController.swift */,
			);
			path = Controllers;
			sourceTree = "<group>";
		};
		8D15E24627A2EBA700D70EED /* Views */ = {
			isa = PBXGroup;
			children = (
			);
			path = Views;
			sourceTree = "<group>";
		};
		8D15E24827A2EC0E00D70EED /* Storyboard */ = {
			isa = PBXGroup;
			children = (
				8D15E23C27A2EB8D00D70EED /* LaunchScreen.storyboard */,
				8D15E23727A2EB8C00D70EED /* Main.storyboard */,
			);
			path = Storyboard;
			sourceTree = "<group>";
		};
		8D15E24927A2EC2900D70EED /* Resources */ = {
			isa = PBXGroup;
			children = (
				8D15E23A27A2EB8D00D70EED /* Assets.xcassets */,
				8D15E23F27A2EB8D00D70EED /* Info.plist */,
			);
			path = Resources;
			sourceTree = "<group>";
		};
		8D15E24A27A2EC3A00D70EED /* Tools */ = {
			isa = PBXGroup;
			children = (
			);
			path = Tools;
			sourceTree = "<group>";
		};
		8D15E24B27A2EC4100D70EED /* Models */ = {
			isa = PBXGroup;
			children = (
			);
			path = Models;
			sourceTree = "<group>";
		};
/* End PBXGroup section */

/* Begin PBXNativeTarget section */
		8D15E22D27A2EB8C00D70EED /* carousel */ = {
			isa = PBXNativeTarget;
			buildConfigurationList = 8D15E24227A2EB8D00D70EED /* Build configuration list for PBXNativeTarget "carousel" */;
			buildPhases = (
				8D15E22A27A2EB8C00D70EED /* Sources */,
				8D15E22B27A2EB8C00D70EED /* Frameworks */,
				8D15E22C27A2EB8C00D70EED /* Resources */,
			);
			buildRules = (
			);
			dependencies = (
			);
			name = carousel;
			productName = carousel;
			productReference = 8D15E22E27A2EB8C00D70EED /* carousel.app */;
			productType = "com.apple.product-type.application";
		};
/* End PBXNativeTarget section */

/* Begin PBXProject section */
		8D15E22627A2EB8C00D70EED /* Project object */ = {
			isa = PBXProject;
			attributes = {
				BuildIndependentTargetsInParallel = 1;
				LastSwiftUpdateCheck = 1320;
				LastUpgradeCheck = 1320;
				TargetAttributes = {
					8D15E22D27A2EB8C00D70EED = {
						CreatedOnToolsVersion = 13.2.1;
					};
				};
			};
			buildConfigurationList = 8D15E22927A2EB8C00D70EED /* Build configuration list for PBXProject "carousel" */;
			compatibilityVersion = "Xcode 13.0";
			developmentRegion = en;
			hasScannedForEncodings = 0;
			knownRegions = (
				en,
				Base,
			);
			mainGroup = 8D15E22527A2EB8C00D70EED;
			productRefGroup = 8D15E22F27A2EB8C00D70EED /* Products */;
			projectDirPath = "";
			projectRoot = "";
			targets = (
				8D15E22D27A2EB8C00D70EED /* carousel */,
			);
		};
/* End PBXProject section */

/* Begin PBXResourcesBuildPhase section */
		8D15E22C27A2EB8C00D70EED /* Resources */ = {
			isa = PBXResourcesBuildPhase;
			buildActionMask = 2147483647;
			files = (
				8D15E23E27A2EB8D00D70EED /* LaunchScreen.storyboard in Resources */,
				8D15E23B27A2EB8D00D70EED /* Assets.xcassets in Resources */,
				8D15E23927A2EB8C00D70EED /* Main.storyboard in Resources */,
			);
			runOnlyForDeploymentPostprocessing = 0;
		};
/* End PBXResourcesBuildPhase section */

/* Begin PBXSourcesBuildPhase section */
		8D15E22A27A2EB8C00D70EED /* Sources */ = {
			isa = PBXSourcesBuildPhase;
			buildActionMask = 2147483647;
			files = (
				8D15E23627A2EB8C00D70EED /* MainController.swift in Sources */,
				8D15E23227A2EB8C00D70EED /* AppDelegate.swift in Sources */,
				8D15E23427A2EB8C00D70EED /* SceneDelegate.swift in Sources */,
			);
			runOnlyForDeploymentPostprocessing = 0;
		};
/* End PBXSourcesBuildPhase section */

/* Begin PBXVariantGroup section */
		8D15E23727A2EB8C00D70EED /* Main.storyboard */ = {
			isa = PBXVariantGroup;
			children = (
				8D15E23827A2EB8C00D70EED /* Base */,
			);
			name = Main.storyboard;
			sourceTree = "<group>";
		};
		8D15E23C27A2EB8D00D70EED /* LaunchScreen.storyboard */ = {
			isa = PBXVariantGroup;
			children = (
				8D15E23D27A2EB8D00D70EED /* Base */,
			);
			name = LaunchScreen.storyboard;
			sourceTree = "<group>";
		};
/* End PBXVariantGroup section */

/* Begin XCBuildConfiguration section */
		8D15E24027A2EB8D00D70EED /* Debug */ = {
			isa = XCBuildConfiguration;
			buildSettings = {
				ALWAYS_SEARCH_USER_PATHS = NO;
				CLANG_ANALYZER_NONNULL = YES;
				CLANG_ANALYZER_NUMBER_OBJECT_CONVERSION = YES_AGGRESSIVE;
				CLANG_CXX_LANGUAGE_STANDARD = "gnu++17";
				CLANG_CXX_LIBRARY = "libc++";
				CLANG_ENABLE_MODULES = YES;
				CLANG_ENABLE_OBJC_ARC = YES;
				CLANG_ENABLE_OBJC_WEAK = YES;
				CLANG_WARN_BLOCK_CAPTURE_AUTORELEASING = YES;
				CLANG_WARN_BOOL_CONVERSION = YES;
				CLANG_WARN_COMMA = YES;
				CLANG_WARN_CONSTANT_CONVERSION = YES;
				CLANG_WARN_DEPRECATED_OBJC_IMPLEMENTATIONS = YES;
				CLANG_WARN_DIRECT_OBJC_ISA_USAGE = YES_ERROR;
				CLANG_WARN_DOCUMENTATION_COMMENTS = YES;
				CLANG_WARN_EMPTY_BODY = YES;
				CLANG_WARN_ENUM_CONVERSION = YES;
				CLANG_WARN_INFINITE_RECURSION = YES;
				CLANG_WARN_INT_CONVERSION = YES;
				CLANG_WARN_NON_LITERAL_NULL_CONVERSION = YES;
				CLANG_WARN_OBJC_IMPLICIT_RETAIN_SELF = YES;
				CLANG_WARN_OBJC_LITERAL_CONVERSION = YES;
				CLANG_WARN_OBJC_ROOT_CLASS = YES_ERROR;
				CLANG_WARN_QUOTED_INCLUDE_IN_FRAMEWORK_HEADER = YES;
				CLANG_WARN_RANGE_LOOP_ANALYSIS = YES;
				CLANG_WARN_STRICT_PROTOTYPES = YES;
				CLANG_WARN_SUSPICIOUS_MOVE = YES;
				CLANG_WARN_UNGUARDED_AVAILABILITY = YES_AGGRESSIVE;
				CLANG_WARN_UNREACHABLE_CODE = YES;
				CLANG_WARN__DUPLICATE_METHOD_MATCH = YES;
				COPY_PHASE_STRIP = NO;
				DEBUG_INFORMATION_FORMAT = dwarf;
				ENABLE_STRICT_OBJC_MSGSEND = YES;
				ENABLE_TESTABILITY = YES;
				GCC_C_LANGUAGE_STANDARD = gnu11;
				GCC_DYNAMIC_NO_PIC = NO;
				GCC_NO_COMMON_BLOCKS = YES;
				GCC_OPTIMIZATION_LEVEL = 0;
				GCC_PREPROCESSOR_DEFINITIONS = (
					"DEBUG=1",
					"$(inherited)",
				);
				GCC_WARN_64_TO_32_BIT_CONVERSION = YES;
				GCC_WARN_ABOUT_RETURN_TYPE = YES_ERROR;
				GCC_WARN_UNDECLARED_SELECTOR = YES;
				GCC_WARN_UNINITIALIZED_AUTOS = YES_AGGRESSIVE;
				GCC_WARN_UNUSED_FUNCTION = YES;
				GCC_WARN_UNUSED_VARIABLE = YES;
				IPHONEOS_DEPLOYMENT_TARGET = 15.2;
				MTL_ENABLE_DEBUG_INFO = INCLUDE_SOURCE;
				MTL_FAST_MATH = YES;
				ONLY_ACTIVE_ARCH = YES;
				SDKROOT = iphoneos;
				SWIFT_ACTIVE_COMPILATION_CONDITIONS = DEBUG;
				SWIFT_OPTIMIZATION_LEVEL = "-Onone";
			};
			name = Debug;
		};
		8D15E24127A2EB8D00D70EED /* Release */ = {
			isa = XCBuildConfiguration;
			buildSettings = {
				ALWAYS_SEARCH_USER_PATHS = NO;
				CLANG_ANALYZER_NONNULL = YES;
				CLANG_ANALYZER_NUMBER_OBJECT_CONVERSION = YES_AGGRESSIVE;
				CLANG_CXX_LANGUAGE_STANDARD = "gnu++17";
				CLANG_CXX_LIBRARY = "libc++";
				CLANG_ENABLE_MODULES = YES;
				CLANG_ENABLE_OBJC_ARC = YES;
				CLANG_ENABLE_OBJC_WEAK = YES;
				CLANG_WARN_BLOCK_CAPTURE_AUTORELEASING = YES;
				CLANG_WARN_BOOL_CONVERSION = YES;
				CLANG_WARN_COMMA = YES;
				CLANG_WARN_CONSTANT_CONVERSION = YES;
				CLANG_WARN_DEPRECATED_OBJC_IMPLEMENTATIONS = YES;
				CLANG_WARN_DIRECT_OBJC_ISA_USAGE = YES_ERROR;
				CLANG_WARN_DOCUMENTATION_COMMENTS = YES;
				CLANG_WARN_EMPTY_BODY = YES;
				CLANG_WARN_ENUM_CONVERSION = YES;
				CLANG_WARN_INFINITE_RECURSION = YES;
				CLANG_WARN_INT_CONVERSION = YES;
				CLANG_WARN_NON_LITERAL_NULL_CONVERSION = YES;
				CLANG_WARN_OBJC_IMPLICIT_RETAIN_SELF = YES;
				CLANG_WARN_OBJC_LITERAL_CONVERSION = YES;
				CLANG_WARN_OBJC_ROOT_CLASS = YES_ERROR;
				CLANG_WARN_QUOTED_INCLUDE_IN_FRAMEWORK_HEADER = YES;
				CLANG_WARN_RANGE_LOOP_ANALYSIS = YES;
				CLANG_WARN_STRICT_PROTOTYPES = YES;
				CLANG_WARN_SUSPICIOUS_MOVE = YES;
				CLANG_WARN_UNGUARDED_AVAILABILITY = YES_AGGRESSIVE;
				CLANG_WARN_UNREACHABLE_CODE = YES;
				CLANG_WARN__DUPLICATE_METHOD_MATCH = YES;
				COPY_PHASE_STRIP = NO;
				DEBUG_INFORMATION_FORMAT = "dwarf-with-dsym";
				ENABLE_NS_ASSERTIONS = NO;
				ENABLE_STRICT_OBJC_MSGSEND = YES;
				GCC_C_LANGUAGE_STANDARD = gnu11;
				GCC_NO_COMMON_BLOCKS = YES;
				GCC_WARN_64_TO_32_BIT_CONVERSION = YES;
				GCC_WARN_ABOUT_RETURN_TYPE = YES_ERROR;
				GCC_WARN_UNDECLARED_SELECTOR = YES;
				GCC_WARN_UNINITIALIZED_AUTOS = YES_AGGRESSIVE;
				GCC_WARN_UNUSED_FUNCTION = YES;
				GCC_WARN_UNUSED_VARIABLE = YES;
				IPHONEOS_DEPLOYMENT_TARGET = 15.2;
				MTL_ENABLE_DEBUG_INFO = NO;
				MTL_FAST_MATH = YES;
				SDKROOT = iphoneos;
				SWIFT_COMPILATION_MODE = wholemodule;
				SWIFT_OPTIMIZATION_LEVEL = "-O";
				VALIDATE_PRODUCT = YES;
			};
			name = Release;
		};
		8D15E24327A2EB8D00D70EED /* Debug */ = {
			isa = XCBuildConfiguration;
			buildSettings = {
				ASSETCATALOG_COMPILER_APPICON_NAME = AppIcon;
				ASSETCATALOG_COMPILER_GLOBAL_ACCENT_COLOR_NAME = AccentColor;
				CODE_SIGN_STYLE = Automatic;
				CURRENT_PROJECT_VERSION = 1;
				GENERATE_INFOPLIST_FILE = YES;
				INFOPLIST_FILE = carousel/Info.plist;
				INFOPLIST_KEY_UIApplicationSupportsIndirectInputEvents = YES;
				INFOPLIST_KEY_UILaunchStoryboardName = LaunchScreen;
				INFOPLIST_KEY_UIMainStoryboardFile = Main;
				INFOPLIST_KEY_UISupportedInterfaceOrientations_iPad = "UIInterfaceOrientationPortrait UIInterfaceOrientationPortraitUpsideDown UIInterfaceOrientationLandscapeLeft UIInterfaceOrientationLandscapeRight";
				INFOPLIST_KEY_UISupportedInterfaceOrientations_iPhone = "UIInterfaceOrientationPortrait UIInterfaceOrientationLandscapeLeft UIInterfaceOrientationLandscapeRight";
				LD_RUNPATH_SEARCH_PATHS = (
					"$(inherited)",
					"@executable_path/Frameworks",
				);
				MARKETING_VERSION = 1.0;
				PRODUCT_BUNDLE_IDENTIFIER = com.formegusto.carousel;
				PRODUCT_NAME = "$(TARGET_NAME)";
				SWIFT_EMIT_LOC_STRINGS = YES;
				SWIFT_VERSION = 5.0;
				TARGETED_DEVICE_FAMILY = "1,2";
			};
			name = Debug;
		};
		8D15E24427A2EB8D00D70EED /* Release */ = {
			isa = XCBuildConfiguration;
			buildSettings = {
				ASSETCATALOG_COMPILER_APPICON_NAME = AppIcon;
				ASSETCATALOG_COMPILER_GLOBAL_ACCENT_COLOR_NAME = AccentColor;
				CODE_SIGN_STYLE = Automatic;
				CURRENT_PROJECT_VERSION = 1;
				GENERATE_INFOPLIST_FILE = YES;
				INFOPLIST_FILE = carousel/Info.plist;
				INFOPLIST_KEY_UIApplicationSupportsIndirectInputEvents = YES;
				INFOPLIST_KEY_UILaunchStoryboardName = LaunchScreen;
				INFOPLIST_KEY_UIMainStoryboardFile = Main;
				INFOPLIST_KEY_UISupportedInterfaceOrientations_iPad = "UIInterfaceOrientationPortrait UIInterfaceOrientationPortraitUpsideDown UIInterfaceOrientationLandscapeLeft UIInterfaceOrientationLandscapeRight";
				INFOPLIST_KEY_UISupportedInterfaceOrientations_iPhone = "UIInterfaceOrientationPortrait UIInterfaceOrientationLandscapeLeft UIInterfaceOrientationLandscapeRight";
				LD_RUNPATH_SEARCH_PATHS = (
					"$(inherited)",
					"@executable_path/Frameworks",
				);
				MARKETING_VERSION = 1.0;
				PRODUCT_BUNDLE_IDENTIFIER = com.formegusto.carousel;
				PRODUCT_NAME = "$(TARGET_NAME)";
				SWIFT_EMIT_LOC_STRINGS = YES;
				SWIFT_VERSION = 5.0;
				TARGETED_DEVICE_FAMILY = "1,2";
			};
			name = Release;
		};
/* End XCBuildConfiguration section */

/* Begin XCConfigurationList section */
		8D15E22927A2EB8C00D70EED /* Build configuration list for PBXProject "carousel" */ = {
			isa = XCConfigurationList;
			buildConfigurations = (
				8D15E24027A2EB8D00D70EED /* Debug */,
				8D15E24127A2EB8D00D70EED /* Release */,
			);
			defaultConfigurationIsVisible = 0;
			defaultConfigurationName = Release;
		};
		8D15E24227A2EB8D00D70EED /* Build configuration list for PBXNativeTarget "carousel" */ = {
			isa = XCConfigurationList;
			buildConfigurations = (
				8D15E24327A2EB8D00D70EED /* Debug */,
				8D15E24427A2EB8D00D70EED /* Release */,
			);
			defaultConfigurationIsVisible = 0;
			defaultConfigurationName = Release;
		};
/* End XCConfigurationList section */
	};
	rootObject = 8D15E22627A2EB8C00D70EED /* Project object */;
}
